{
	"name": "find-missing-ethereum-mnemonic-word",
	"lockfileVersion": 2,
	"requires": true,
	"packages": {
		"": {
			"license": "Unlicense",
			"dependencies": {
				"@preact/signals": "1.1.3",
				"@scure/bip32": "1.3.0",
				"@zoltu/bip39": "1.2.0-1",
				"preact": "10.13.2"
			},
			"devDependencies": {
				"@types/node": "18.16.1",
				"@zoltu/file-copier": "3.0.0",
				"typescript": "5.1.6"
			}
		},
		"node_modules/@noble/curves": {
			"version": "1.0.0",
			"resolved": "https://registry.npmjs.org/@noble/curves/-/curves-1.0.0.tgz",
			"integrity": "sha512-2upgEu0iLiDVDZkNLeFV2+ht0BAVgQnEmCk6JsOch9Rp8xfkMCbvbAZlA2pBHQc73dbl+vFOXfqkf4uemdn0bw==",
			"funding": [
				{
					"type": "individual",
					"url": "https://paulmillr.com/funding/"
				}
			],
			"dependencies": {
				"@noble/hashes": "1.3.0"
			}
		},
		"node_modules/@noble/curves/node_modules/@noble/hashes": {
			"version": "1.3.0",
			"resolved": "https://registry.npmjs.org/@noble/hashes/-/hashes-1.3.0.tgz",
			"integrity": "sha512-ilHEACi9DwqJB0pw7kv+Apvh50jiiSyR/cQ3y4W7lOR5mhvn/50FLUfsnfJz0BDZtl/RR16kXvptiv6q1msYZg==",
			"funding": [
				{
					"type": "individual",
					"url": "https://paulmillr.com/funding/"
				}
			]
		},
		"node_modules/@noble/hashes": {
			"version": "1.3.1",
			"resolved": "https://registry.npmjs.org/@noble/hashes/-/hashes-1.3.1.tgz",
			"integrity": "sha512-EbqwksQwz9xDRGfDST86whPBgM65E0OH/pCgqW0GBVzO22bNE+NuIbeTb714+IfSjU3aRk47EUvXIb5bTsenKA==",
			"engines": {
				"node": ">= 16"
			},
			"funding": {
				"url": "https://paulmillr.com/funding/"
			}
		},
		"node_modules/@preact/signals": {
			"version": "1.1.3",
			"resolved": "https://registry.npmjs.org/@preact/signals/-/signals-1.1.3.tgz",
			"integrity": "sha512-N09DuAVvc90bBZVRwD+aFhtGyHAmJLhS3IFoawO/bYJRcil4k83nBOchpCEoS0s5+BXBpahgp0Mjf+IOqP57Og==",
			"dependencies": {
				"@preact/signals-core": "^1.2.3"
			},
			"funding": {
				"type": "opencollective",
				"url": "https://opencollective.com/preact"
			},
			"peerDependencies": {
				"preact": "10.x"
			}
		},
		"node_modules/@preact/signals-core": {
			"version": "1.2.3",
			"resolved": "https://registry.npmjs.org/@preact/signals-core/-/signals-core-1.2.3.tgz",
			"integrity": "sha512-Kui4p7PMcEQevBgsTO0JBo3gyQ88Q3qzEvsVCuSp11t0JcN4DmGCTJcGRVSCq7Bn7lGxJBO+57jNSzDoDJ+QmA==",
			"funding": {
				"type": "opencollective",
				"url": "https://opencollective.com/preact"
			}
		},
		"node_modules/@scure/base": {
			"version": "1.1.1",
			"resolved": "https://registry.npmjs.org/@scure/base/-/base-1.1.1.tgz",
			"integrity": "sha512-ZxOhsSyxYwLJj3pLZCefNitxsj093tb2vq90mp2txoYeBqbcjDjqFhyM8eUjq/uFm6zJ+mUuqxlS2FkuSY1MTA==",
			"funding": [
				{
					"type": "individual",
					"url": "https://paulmillr.com/funding/"
				}
			]
		},
		"node_modules/@scure/bip32": {
			"version": "1.3.0",
			"resolved": "https://registry.npmjs.org/@scure/bip32/-/bip32-1.3.0.tgz",
			"integrity": "sha512-bcKpo1oj54hGholplGLpqPHRbIsnbixFtc06nwuNM5/dwSXOq/AAYoIBRsBmnZJSdfeNW5rnff7NTAz3ZCqR9Q==",
			"funding": [
				{
					"type": "individual",
					"url": "https://paulmillr.com/funding/"
				}
			],
			"dependencies": {
				"@noble/curves": "~1.0.0",
				"@noble/hashes": "~1.3.0",
				"@scure/base": "~1.1.0"
			}
		},
		"node_modules/@types/node": {
			"version": "18.16.1",
			"resolved": "https://registry.npmjs.org/@types/node/-/node-18.16.1.tgz",
			"integrity": "sha512-DZxSZWXxFfOlx7k7Rv4LAyiMroaxa3Ly/7OOzZO8cBNho0YzAi4qlbrx8W27JGqG57IgR/6J7r+nOJWw6kcvZA==",
			"dev": true
		},
		"node_modules/@zoltu/bip39": {
			"version": "1.2.0-1",
			"resolved": "https://registry.npmjs.org/@zoltu/bip39/-/bip39-1.2.0-1.tgz",
			"integrity": "sha512-REEbTbmMqondlnjW0TMZALkbzsiCQBKnbbJmspST9jmBGHLOUOElZmZQwZUt+/fcVb9hHs7FQQsM8jbgq+7uNw==",
			"funding": [
				{
					"type": "individual",
					"url": "https://paulmillr.com/funding/"
				}
			],
			"dependencies": {
				"@noble/hashes": "~1.3.0",
				"@scure/base": "~1.1.0"
			}
		},
		"node_modules/@zoltu/file-copier": {
			"version": "3.0.0",
			"resolved": "https://registry.npmjs.org/@zoltu/file-copier/-/file-copier-3.0.0.tgz",
			"integrity": "sha512-foCy+pdL3sHBL0yrv8KCYcHnidii4kbE1xS52xXevyHFBAhRZKeX9qcCfRLIDDeHSYKB94vDeastE7fo3lwQFw==",
			"dev": true
		},
		"node_modules/preact": {
			"version": "10.13.2",
			"resolved": "https://registry.npmjs.org/preact/-/preact-10.13.2.tgz",
			"integrity": "sha512-q44QFLhOhty2Bd0Y46fnYW0gD/cbVM9dUVtNTDKPcdXSMA7jfY+Jpd6rk3GB0lcQss0z5s/6CmVP0Z/hV+g6pw==",
			"funding": {
				"type": "opencollective",
				"url": "https://opencollective.com/preact"
			}
		},
		"node_modules/typescript": {
			"version": "5.1.6",
			"resolved": "https://registry.npmjs.org/typescript/-/typescript-5.1.6.tgz",
			"integrity": "sha512-zaWCozRZ6DLEWAWFrVDz1H6FVXzUSfTy5FUMWsQlU8Ym5JP9eO4xkTIROFCQvhQf61z6O/G6ugw3SgAnvvm+HA==",
			"dev": true,
			"bin": {
				"tsc": "bin/tsc",
				"tsserver": "bin/tsserver"
			},
			"engines": {
				"node": ">=14.17"
			}
		}
	},
	"dependencies": {
		"@noble/curves": {
			"version": "1.0.0",
			"resolved": "https://registry.npmjs.org/@noble/curves/-/curves-1.0.0.tgz",
			"integrity": "sha512-2upgEu0iLiDVDZkNLeFV2+ht0BAVgQnEmCk6JsOch9Rp8xfkMCbvbAZlA2pBHQc73dbl+vFOXfqkf4uemdn0bw==",
			"requires": {
				"@noble/hashes": "1.3.0"
			},
			"dependencies": {
				"@noble/hashes": {
					"version": "1.3.0",
					"resolved": "https://registry.npmjs.org/@noble/hashes/-/hashes-1.3.0.tgz",
					"integrity": "sha512-ilHEACi9DwqJB0pw7kv+Apvh50jiiSyR/cQ3y4W7lOR5mhvn/50FLUfsnfJz0BDZtl/RR16kXvptiv6q1msYZg=="
				}
			}
		},
		"@noble/hashes": {
			"version": "1.3.1",
			"resolved": "https://registry.npmjs.org/@noble/hashes/-/hashes-1.3.1.tgz",
			"integrity": "sha512-EbqwksQwz9xDRGfDST86whPBgM65E0OH/pCgqW0GBVzO22bNE+NuIbeTb714+IfSjU3aRk47EUvXIb5bTsenKA=="
		},
		"@preact/signals": {
			"version": "1.1.3",
			"resolved": "https://registry.npmjs.org/@preact/signals/-/signals-1.1.3.tgz",
			"integrity": "sha512-N09DuAVvc90bBZVRwD+aFhtGyHAmJLhS3IFoawO/bYJRcil4k83nBOchpCEoS0s5+BXBpahgp0Mjf+IOqP57Og==",
			"requires": {
				"@preact/signals-core": "^1.2.3"
			}
		},
		"@preact/signals-core": {
			"version": "1.2.3",
			"resolved": "https://registry.npmjs.org/@preact/signals-core/-/signals-core-1.2.3.tgz",
			"integrity": "sha512-Kui4p7PMcEQevBgsTO0JBo3gyQ88Q3qzEvsVCuSp11t0JcN4DmGCTJcGRVSCq7Bn7lGxJBO+57jNSzDoDJ+QmA=="
		},
		"@scure/base": {
			"version": "1.1.1",
			"resolved": "https://registry.npmjs.org/@scure/base/-/base-1.1.1.tgz",
			"integrity": "sha512-ZxOhsSyxYwLJj3pLZCefNitxsj093tb2vq90mp2txoYeBqbcjDjqFhyM8eUjq/uFm6zJ+mUuqxlS2FkuSY1MTA=="
		},
		"@scure/bip32": {
			"version": "1.3.0",
			"resolved": "https://registry.npmjs.org/@scure/bip32/-/bip32-1.3.0.tgz",
			"integrity": "sha512-bcKpo1oj54hGholplGLpqPHRbIsnbixFtc06nwuNM5/dwSXOq/AAYoIBRsBmnZJSdfeNW5rnff7NTAz3ZCqR9Q==",
			"requires": {
				"@noble/curves": "~1.0.0",
				"@noble/hashes": "~1.3.0",
				"@scure/base": "~1.1.0"
			}
		},
		"@types/node": {
			"version": "18.16.1",
			"resolved": "https://registry.npmjs.org/@types/node/-/node-18.16.1.tgz",
			"integrity": "sha512-DZxSZWXxFfOlx7k7Rv4LAyiMroaxa3Ly/7OOzZO8cBNho0YzAi4qlbrx8W27JGqG57IgR/6J7r+nOJWw6kcvZA==",
			"dev": true
		},
		"@zoltu/bip39": {
			"version": "1.2.0-1",
			"resolved": "https://registry.npmjs.org/@zoltu/bip39/-/bip39-1.2.0-1.tgz",
			"integrity": "sha512-REEbTbmMqondlnjW0TMZALkbzsiCQBKnbbJmspST9jmBGHLOUOElZmZQwZUt+/fcVb9hHs7FQQsM8jbgq+7uNw==",
			"requires": {
				"@noble/hashes": "~1.3.0",
				"@scure/base": "~1.1.0"
			}
		},
		"@zoltu/file-copier": {
			"version": "3.0.0",
			"resolved": "https://registry.npmjs.org/@zoltu/file-copier/-/file-copier-3.0.0.tgz",
			"integrity": "sha512-foCy+pdL3sHBL0yrv8KCYcHnidii4kbE1xS52xXevyHFBAhRZKeX9qcCfRLIDDeHSYKB94vDeastE7fo3lwQFw==",
			"dev": true
		},
		"preact": {
			"version": "10.13.2",
			"resolved": "https://registry.npmjs.org/preact/-/preact-10.13.2.tgz",
			"integrity": "sha512-q44QFLhOhty2Bd0Y46fnYW0gD/cbVM9dUVtNTDKPcdXSMA7jfY+Jpd6rk3GB0lcQss0z5s/6CmVP0Z/hV+g6pw=="
		},
		"typescript": {
			"version": "5.1.6",
			"resolved": "https://registry.npmjs.org/typescript/-/typescript-5.1.6.tgz",
			"integrity": "sha512-zaWCozRZ6DLEWAWFrVDz1H6FVXzUSfTy5FUMWsQlU8Ym5JP9eO4xkTIROFCQvhQf61z6O/G6ugw3SgAnvvm+HA==",
			"dev": true
		}
	}
}
