{
	"name": "preact-es2015-template",
	"lockfileVersion": 2,
	"requires": true,
	"packages": {
		"": {
			"license": "Unlicense",
			"dependencies": {
				"@preact/signals": "1.1.3",
				"preact": "10.13.2"
			},
			"devDependencies": {
				"@types/node": "18.16.1",
				"@zoltu/file-copier": "3.0.0",
				"typescript": "5.0.4"
			}
		},
		"node_modules/@preact/signals": {
			"version": "1.1.3",
			"resolved": "https://registry.npmjs.org/@preact/signals/-/signals-1.1.3.tgz",
			"integrity": "sha512-N09DuAVvc90bBZVRwD+aFhtGyHAmJLhS3IFoawO/bYJRcil4k83nBOchpCEoS0s5+BXBpahgp0Mjf+IOqP57Og==",
			"dependencies": {
				"@preact/signals-core": "^1.2.3"
			},
			"funding": {
				"type": "opencollective",
				"url": "https://opencollective.com/preact"
			},
			"peerDependencies": {
				"preact": "10.x"
			}
		},
		"node_modules/@preact/signals-core": {
			"version": "1.2.3",
			"resolved": "https://registry.npmjs.org/@preact/signals-core/-/signals-core-1.2.3.tgz",
			"integrity": "sha512-Kui4p7PMcEQevBgsTO0JBo3gyQ88Q3qzEvsVCuSp11t0JcN4DmGCTJcGRVSCq7Bn7lGxJBO+57jNSzDoDJ+QmA==",
			"funding": {
				"type": "opencollective",
				"url": "https://opencollective.com/preact"
			}
		},
		"node_modules/@types/node": {
			"version": "18.16.1",
			"resolved": "https://registry.npmjs.org/@types/node/-/node-18.16.1.tgz",
			"integrity": "sha512-DZxSZWXxFfOlx7k7Rv4LAyiMroaxa3Ly/7OOzZO8cBNho0YzAi4qlbrx8W27JGqG57IgR/6J7r+nOJWw6kcvZA==",
			"dev": true
		},
		"node_modules/@zoltu/file-copier": {
			"version": "3.0.0",
			"resolved": "https://registry.npmjs.org/@zoltu/file-copier/-/file-copier-3.0.0.tgz",
			"integrity": "sha512-foCy+pdL3sHBL0yrv8KCYcHnidii4kbE1xS52xXevyHFBAhRZKeX9qcCfRLIDDeHSYKB94vDeastE7fo3lwQFw==",
			"dev": true
		},
		"node_modules/preact": {
			"version": "10.13.2",
			"resolved": "https://registry.npmjs.org/preact/-/preact-10.13.2.tgz",
			"integrity": "sha512-q44QFLhOhty2Bd0Y46fnYW0gD/cbVM9dUVtNTDKPcdXSMA7jfY+Jpd6rk3GB0lcQss0z5s/6CmVP0Z/hV+g6pw==",
			"funding": {
				"type": "opencollective",
				"url": "https://opencollective.com/preact"
			}
		},
		"node_modules/typescript": {
			"version": "5.0.4",
			"resolved": "https://registry.npmjs.org/typescript/-/typescript-5.0.4.tgz",
			"integrity": "sha512-cW9T5W9xY37cc+jfEnaUvX91foxtHkza3Nw3wkoF4sSlKn0MONdkdEndig/qPBWXNkmplh3NzayQzCiHM4/hqw==",
			"dev": true,
			"bin": {
				"tsc": "bin/tsc",
				"tsserver": "bin/tsserver"
			},
			"engines": {
				"node": ">=12.20"
			}
		}
	},
	"dependencies": {
		"@preact/signals": {
			"version": "1.1.3",
			"resolved": "https://registry.npmjs.org/@preact/signals/-/signals-1.1.3.tgz",
			"integrity": "sha512-N09DuAVvc90bBZVRwD+aFhtGyHAmJLhS3IFoawO/bYJRcil4k83nBOchpCEoS0s5+BXBpahgp0Mjf+IOqP57Og==",
			"requires": {
				"@preact/signals-core": "^1.2.3"
			}
		},
		"@preact/signals-core": {
			"version": "1.2.3",
			"resolved": "https://registry.npmjs.org/@preact/signals-core/-/signals-core-1.2.3.tgz",
			"integrity": "sha512-Kui4p7PMcEQevBgsTO0JBo3gyQ88Q3qzEvsVCuSp11t0JcN4DmGCTJcGRVSCq7Bn7lGxJBO+57jNSzDoDJ+QmA=="
		},
		"@types/node": {
			"version": "18.16.1",
			"resolved": "https://registry.npmjs.org/@types/node/-/node-18.16.1.tgz",
			"integrity": "sha512-DZxSZWXxFfOlx7k7Rv4LAyiMroaxa3Ly/7OOzZO8cBNho0YzAi4qlbrx8W27JGqG57IgR/6J7r+nOJWw6kcvZA==",
			"dev": true
		},
		"@zoltu/file-copier": {
			"version": "3.0.0",
			"resolved": "https://registry.npmjs.org/@zoltu/file-copier/-/file-copier-3.0.0.tgz",
			"integrity": "sha512-foCy+pdL3sHBL0yrv8KCYcHnidii4kbE1xS52xXevyHFBAhRZKeX9qcCfRLIDDeHSYKB94vDeastE7fo3lwQFw==",
			"dev": true
		},
		"preact": {
			"version": "10.13.2",
			"resolved": "https://registry.npmjs.org/preact/-/preact-10.13.2.tgz",
			"integrity": "sha512-q44QFLhOhty2Bd0Y46fnYW0gD/cbVM9dUVtNTDKPcdXSMA7jfY+Jpd6rk3GB0lcQss0z5s/6CmVP0Z/hV+g6pw=="
		},
		"typescript": {
			"version": "5.0.4",
			"resolved": "https://registry.npmjs.org/typescript/-/typescript-5.0.4.tgz",
			"integrity": "sha512-cW9T5W9xY37cc+jfEnaUvX91foxtHkza3Nw3wkoF4sSlKn0MONdkdEndig/qPBWXNkmplh3NzayQzCiHM4/hqw==",
			"dev": true
		}
	}
}
